// !$*UTF8*$!
{
	archiveVersion = 1;
	classes = {
	};
	objectVersion = 50;
	objects = {

/* Begin PBXBuildFile section */
		284861B3238C320600F256C1 /* mute.png in Resources */ = {isa = PBXBuildFile; fileRef = 284861B1238C320500F256C1 /* mute.png */; };
		284861B4238C320600F256C1 /* sound.png in Resources */ = {isa = PBXBuildFile; fileRef = 284861B2238C320500F256C1 /* sound.png */; };
		286AA80E238B068800C501B2 /* background.mp3 in Resources */ = {isa = PBXBuildFile; fileRef = 286AA80D238B068800C501B2 /* background.mp3 */; };
		286AA810238B06FE00C501B2 /* deadEffect.mp3 in Resources */ = {isa = PBXBuildFile; fileRef = 286AA80F238B06FE00C501B2 /* deadEffect.mp3 */; };
		286AA814238B1F0000C501B2 /* writeEffect.mp3 in Resources */ = {isa = PBXBuildFile; fileRef = 286AA813238B1F0000C501B2 /* writeEffect.mp3 */; };
		90004B1022FAB3660049CDDA /* lever.png in Resources */ = {isa = PBXBuildFile; fileRef = 90004B0F22FAB3660049CDDA /* lever.png */; };
		90004B1222FAE71A0049CDDA /* wordList.txt in Resources */ = {isa = PBXBuildFile; fileRef = 90004B1122FAE71A0049CDDA /* wordList.txt */; };
		900089B722F99A8500CB914A /* AppDelegate.swift in Sources */ = {isa = PBXBuildFile; fileRef = 900089B622F99A8500CB914A /* AppDelegate.swift */; };
		900316AA23855D7600A908D2 /* Assets.xcassets in Resources */ = {isa = PBXBuildFile; fileRef = 900316A923855D7600A908D2 /* Assets.xcassets */; };
		900316B323868B4F00A908D2 /* Main.storyboard in Resources */ = {isa = PBXBuildFile; fileRef = 900316B223868B4F00A908D2 /* Main.storyboard */; };
		900316B523868B8A00A908D2 /* LaunchScreen.storyboard in Resources */ = {isa = PBXBuildFile; fileRef = 900316B423868B8A00A908D2 /* LaunchScreen.storyboard */; };
		900316B823868CCE00A908D2 /* background.jpg in Resources */ = {isa = PBXBuildFile; fileRef = 900316B723868CCE00A908D2 /* background.jpg */; };
		9004CA4F22FD4B780046DE68 /* 2.png in Resources */ = {isa = PBXBuildFile; fileRef = 9004CA4822FD4B770046DE68 /* 2.png */; };
		9004CA5022FD4B780046DE68 /* 4.png in Resources */ = {isa = PBXBuildFile; fileRef = 9004CA4922FD4B770046DE68 /* 4.png */; };
		9004CA5122FD4B780046DE68 /* 5.png in Resources */ = {isa = PBXBuildFile; fileRef = 9004CA4A22FD4B780046DE68 /* 5.png */; };
		9004CA5222FD4B780046DE68 /* 1.png in Resources */ = {isa = PBXBuildFile; fileRef = 9004CA4B22FD4B780046DE68 /* 1.png */; };
		9004CA5322FD4B780046DE68 /* 3.png in Resources */ = {isa = PBXBuildFile; fileRef = 9004CA4C22FD4B780046DE68 /* 3.png */; };
		9004CA5422FD4B780046DE68 /* 7.png in Resources */ = {isa = PBXBuildFile; fileRef = 9004CA4D22FD4B780046DE68 /* 7.png */; };
		9004CA5522FD4B780046DE68 /* 6.png in Resources */ = {isa = PBXBuildFile; fileRef = 9004CA4E22FD4B780046DE68 /* 6.png */; };
		905FA6DF238D30920071C4E6 /* DictionaryModel.swift in Sources */ = {isa = PBXBuildFile; fileRef = 905FA6DE238D30920071C4E6 /* DictionaryModel.swift */; };
		905FA6E4238D49E00071C4E6 /* DictionaryService.swift in Sources */ = {isa = PBXBuildFile; fileRef = 905FA6E3238D49E00071C4E6 /* DictionaryService.swift */; };
		905FA6E8238D7F510071C4E6 /* HangManPresenter.swift in Sources */ = {isa = PBXBuildFile; fileRef = 905FA6E7238D7F510071C4E6 /* HangManPresenter.swift */; };
		90ABB72E239660B600417909 /* HangmanKeyboard.swift in Sources */ = {isa = PBXBuildFile; fileRef = 90ABB72D239660B600417909 /* HangmanKeyboard.swift */; };
		90ABB7302396612C00417909 /* ViewComponent.swift in Sources */ = {isa = PBXBuildFile; fileRef = 90ABB72F2396612C00417909 /* ViewComponent.swift */; };
		90ABB732239661C200417909 /* HangmanKeyboard.xib in Resources */ = {isa = PBXBuildFile; fileRef = 90ABB731239661C200417909 /* HangmanKeyboard.xib */; };
		90ABB73623990CB000417909 /* Utils.swift in Sources */ = {isa = PBXBuildFile; fileRef = 90ABB73523990CB000417909 /* Utils.swift */; };
		90ABB739239937BB00417909 /* HangmanInteractor.swift in Sources */ = {isa = PBXBuildFile; fileRef = 90ABB738239937BB00417909 /* HangmanInteractor.swift */; };
		90FB5C1722FC15FE007024F5 /* backgroundold.png in Resources */ = {isa = PBXBuildFile; fileRef = 90FB5C1622FC15FE007024F5 /* backgroundold.png */; };
		90FB5C1922FC18A9007024F5 /* refresh.png in Resources */ = {isa = PBXBuildFile; fileRef = 90FB5C1822FC18A9007024F5 /* refresh.png */; };
		90FB5C2922FC457C007024F5 /* ViewController.swift in Sources */ = {isa = PBXBuildFile; fileRef = 90FB5C2822FC457C007024F5 /* ViewController.swift */; };
/* End PBXBuildFile section */

/* Begin PBXFileReference section */
		284861B1238C320500F256C1 /* mute.png */ = {isa = PBXFileReference; lastKnownFileType = image.png; path = mute.png; sourceTree = "<group>"; };
		284861B2238C320500F256C1 /* sound.png */ = {isa = PBXFileReference; lastKnownFileType = image.png; path = sound.png; sourceTree = "<group>"; };
		286AA80D238B068800C501B2 /* background.mp3 */ = {isa = PBXFileReference; lastKnownFileType = audio.mp3; path = background.mp3; sourceTree = "<group>"; };
		286AA80F238B06FE00C501B2 /* deadEffect.mp3 */ = {isa = PBXFileReference; lastKnownFileType = audio.mp3; path = deadEffect.mp3; sourceTree = "<group>"; };
		286AA813238B1F0000C501B2 /* writeEffect.mp3 */ = {isa = PBXFileReference; lastKnownFileType = audio.mp3; path = writeEffect.mp3; sourceTree = "<group>"; };
		90004B0F22FAB3660049CDDA /* lever.png */ = {isa = PBXFileReference; lastKnownFileType = image.png; path = lever.png; sourceTree = "<group>"; };
		90004B1122FAE71A0049CDDA /* wordList.txt */ = {isa = PBXFileReference; fileEncoding = 4; lastKnownFileType = text; path = wordList.txt; sourceTree = "<group>"; };
		900089B322F99A8500CB914A /* Hangman.app */ = {isa = PBXFileReference; explicitFileType = wrapper.application; includeInIndex = 0; path = Hangman.app; sourceTree = BUILT_PRODUCTS_DIR; };
		900089B622F99A8500CB914A /* AppDelegate.swift */ = {isa = PBXFileReference; lastKnownFileType = sourcecode.swift; path = AppDelegate.swift; sourceTree = "<group>"; };
		900089C222F99A8700CB914A /* Info.plist */ = {isa = PBXFileReference; lastKnownFileType = text.plist.xml; path = Info.plist; sourceTree = "<group>"; };
		900316A923855D7600A908D2 /* Assets.xcassets */ = {isa = PBXFileReference; lastKnownFileType = folder.assetcatalog; path = Assets.xcassets; sourceTree = "<group>"; };
		900316B223868B4F00A908D2 /* Main.storyboard */ = {isa = PBXFileReference; fileEncoding = 4; lastKnownFileType = file.storyboard; path = Main.storyboard; sourceTree = "<group>"; };
		900316B423868B8A00A908D2 /* LaunchScreen.storyboard */ = {isa = PBXFileReference; fileEncoding = 4; lastKnownFileType = file.storyboard; path = LaunchScreen.storyboard; sourceTree = "<group>"; };
		900316B723868CCE00A908D2 /* background.jpg */ = {isa = PBXFileReference; lastKnownFileType = image.jpeg; path = background.jpg; sourceTree = "<group>"; };
		9004CA4822FD4B770046DE68 /* 2.png */ = {isa = PBXFileReference; lastKnownFileType = image.png; path = 2.png; sourceTree = "<group>"; };
		9004CA4922FD4B770046DE68 /* 4.png */ = {isa = PBXFileReference; lastKnownFileType = image.png; path = 4.png; sourceTree = "<group>"; };
		9004CA4A22FD4B780046DE68 /* 5.png */ = {isa = PBXFileReference; lastKnownFileType = image.png; path = 5.png; sourceTree = "<group>"; };
		9004CA4B22FD4B780046DE68 /* 1.png */ = {isa = PBXFileReference; lastKnownFileType = image.png; path = 1.png; sourceTree = "<group>"; };
		9004CA4C22FD4B780046DE68 /* 3.png */ = {isa = PBXFileReference; lastKnownFileType = image.png; path = 3.png; sourceTree = "<group>"; };
		9004CA4D22FD4B780046DE68 /* 7.png */ = {isa = PBXFileReference; lastKnownFileType = image.png; path = 7.png; sourceTree = "<group>"; };
		9004CA4E22FD4B780046DE68 /* 6.png */ = {isa = PBXFileReference; lastKnownFileType = image.png; path = 6.png; sourceTree = "<group>"; };
		905FA6DE238D30920071C4E6 /* DictionaryModel.swift */ = {isa = PBXFileReference; lastKnownFileType = sourcecode.swift; path = DictionaryModel.swift; sourceTree = "<group>"; };
		905FA6E3238D49E00071C4E6 /* DictionaryService.swift */ = {isa = PBXFileReference; lastKnownFileType = sourcecode.swift; path = DictionaryService.swift; sourceTree = "<group>"; };
		905FA6E7238D7F510071C4E6 /* HangManPresenter.swift */ = {isa = PBXFileReference; lastKnownFileType = sourcecode.swift; path = HangManPresenter.swift; sourceTree = "<group>"; };
		90ABB72D239660B600417909 /* HangmanKeyboard.swift */ = {isa = PBXFileReference; lastKnownFileType = sourcecode.swift; path = HangmanKeyboard.swift; sourceTree = "<group>"; };
		90ABB72F2396612C00417909 /* ViewComponent.swift */ = {isa = PBXFileReference; fileEncoding = 4; lastKnownFileType = sourcecode.swift; path = ViewComponent.swift; sourceTree = "<group>"; };
		90ABB731239661C200417909 /* HangmanKeyboard.xib */ = {isa = PBXFileReference; lastKnownFileType = file.xib; path = HangmanKeyboard.xib; sourceTree = "<group>"; };
		90ABB73523990CB000417909 /* Utils.swift */ = {isa = PBXFileReference; lastKnownFileType = sourcecode.swift; path = Utils.swift; sourceTree = "<group>"; };
		90ABB738239937BB00417909 /* HangmanInteractor.swift */ = {isa = PBXFileReference; lastKnownFileType = sourcecode.swift; path = HangmanInteractor.swift; sourceTree = "<group>"; };
		90FB5C1622FC15FE007024F5 /* backgroundold.png */ = {isa = PBXFileReference; lastKnownFileType = image.png; path = backgroundold.png; sourceTree = "<group>"; };
		90FB5C1822FC18A9007024F5 /* refresh.png */ = {isa = PBXFileReference; lastKnownFileType = image.png; path = refresh.png; sourceTree = "<group>"; };
		90FB5C2822FC457C007024F5 /* ViewController.swift */ = {isa = PBXFileReference; fileEncoding = 4; lastKnownFileType = sourcecode.swift; path = ViewController.swift; sourceTree = "<group>"; };
/* End PBXFileReference section */

/* Begin PBXFrameworksBuildPhase section */
		900089B022F99A8500CB914A /* Frameworks */ = {
			isa = PBXFrameworksBuildPhase;
			buildActionMask = 2147483647;
			files = (
			);
			runOnlyForDeploymentPostprocessing = 0;
		};
/* End PBXFrameworksBuildPhase section */

/* Begin PBXGroup section */
		2828BF6023959C8300418A45 /* View */ = {
			isa = PBXGroup;
			children = (
				90ABB72B2396608C00417909 /* Components */,
				90FB5C2822FC457C007024F5 /* ViewController.swift */,
			);
			path = View;
			sourceTree = "<group>";
		};
		286AA80A238B021200C501B2 /* Music */ = {
			isa = PBXGroup;
			children = (
				286AA80D238B068800C501B2 /* background.mp3 */,
				286AA80F238B06FE00C501B2 /* deadEffect.mp3 */,
				286AA813238B1F0000C501B2 /* writeEffect.mp3 */,
			);
			path = Music;
			sourceTree = "<group>";
		};
		900089AA22F99A8500CB914A = {
			isa = PBXGroup;
			children = (
				900089B522F99A8500CB914A /* Hangman */,
				900089B422F99A8500CB914A /* Products */,
			);
			sourceTree = "<group>";
		};
		900089B422F99A8500CB914A /* Products */ = {
			isa = PBXGroup;
			children = (
				900089B322F99A8500CB914A /* Hangman.app */,
			);
			name = Products;
			sourceTree = "<group>";
		};
		900089B522F99A8500CB914A /* Hangman */ = {
			isa = PBXGroup;
			children = (
				2828BF6023959C8300418A45 /* View */,
				905FA6E1238D49850071C4E6 /* Presenter */,
				905FA6E0238D31340071C4E6 /* Model */,
				900089B622F99A8500CB914A /* AppDelegate.swift */,
				900316B423868B8A00A908D2 /* LaunchScreen.storyboard */,
				900316B223868B4F00A908D2 /* Main.storyboard */,
				900089C222F99A8700CB914A /* Info.plist */,
				900316A923855D7600A908D2 /* Assets.xcassets */,
				90ABB73523990CB000417909 /* Utils.swift */,
			);
			path = Hangman;
			sourceTree = "<group>";
		};
		905FA6E0238D31340071C4E6 /* Model */ = {
			isa = PBXGroup;
			children = (
				90ABB7372399379E00417909 /* Interactor */,
				905FA6E2238D49C90071C4E6 /* Service */,
				90004B1122FAE71A0049CDDA /* wordList.txt */,
				905FA6DE238D30920071C4E6 /* DictionaryModel.swift */,
			);
			path = Model;
			sourceTree = "<group>";
		};
		905FA6E1238D49850071C4E6 /* Presenter */ = {
			isa = PBXGroup;
			children = (
				90FB5C0D22FC0AC7007024F5 /* Images */,
				286AA80A238B021200C501B2 /* Music */,
				905FA6E7238D7F510071C4E6 /* HangManPresenter.swift */,
			);
			path = Presenter;
			sourceTree = "<group>";
		};
		905FA6E2238D49C90071C4E6 /* Service */ = {
			isa = PBXGroup;
			children = (
				905FA6E3238D49E00071C4E6 /* DictionaryService.swift */,
			);
			path = Service;
			sourceTree = "<group>";
		};
		90ABB72B2396608C00417909 /* Components */ = {
			isa = PBXGroup;
			children = (
				90ABB72F2396612C00417909 /* ViewComponent.swift */,
				90ABB72C2396609400417909 /* Keyboard */,
			);
			path = Components;
			sourceTree = "<group>";
		};
		90ABB72C2396609400417909 /* Keyboard */ = {
			isa = PBXGroup;
			children = (
				90ABB72D239660B600417909 /* HangmanKeyboard.swift */,
				90ABB731239661C200417909 /* HangmanKeyboard.xib */,
			);
			path = Keyboard;
			sourceTree = "<group>";
		};
		90ABB7372399379E00417909 /* Interactor */ = {
			isa = PBXGroup;
			children = (
				90ABB738239937BB00417909 /* HangmanInteractor.swift */,
			);
			path = Interactor;
			sourceTree = "<group>";
		};
		90FB5C0D22FC0AC7007024F5 /* Images */ = {
			isa = PBXGroup;
			children = (
				90FB5C1822FC18A9007024F5 /* refresh.png */,
				9004CA4D22FD4B780046DE68 /* 7.png */,
				9004CA4E22FD4B780046DE68 /* 6.png */,
				284861B1238C320500F256C1 /* mute.png */,
				284861B2238C320500F256C1 /* sound.png */,
				9004CA4A22FD4B780046DE68 /* 5.png */,
				9004CA4922FD4B770046DE68 /* 4.png */,
				9004CA4C22FD4B780046DE68 /* 3.png */,
				900316B723868CCE00A908D2 /* background.jpg */,
				9004CA4822FD4B770046DE68 /* 2.png */,
				9004CA4B22FD4B780046DE68 /* 1.png */,
				90FB5C1622FC15FE007024F5 /* backgroundold.png */,
				90004B0F22FAB3660049CDDA /* lever.png */,
			);
			path = Images;
			sourceTree = "<group>";
		};
/* End PBXGroup section */

/* Begin PBXNativeTarget section */
		900089B222F99A8500CB914A /* Hangman */ = {
			isa = PBXNativeTarget;
			buildConfigurationList = 900089C522F99A8700CB914A /* Build configuration list for PBXNativeTarget "Hangman" */;
			buildPhases = (
				900089AF22F99A8500CB914A /* Sources */,
				900089B022F99A8500CB914A /* Frameworks */,
				900089B122F99A8500CB914A /* Resources */,
			);
			buildRules = (
			);
			dependencies = (
			);
			name = Hangman;
			productName = hangman;
			productReference = 900089B322F99A8500CB914A /* Hangman.app */;
			productType = "com.apple.product-type.application";
		};
/* End PBXNativeTarget section */

/* Begin PBXProject section */
		900089AB22F99A8500CB914A /* Project object */ = {
			isa = PBXProject;
			attributes = {
				LastSwiftUpdateCheck = 1020;
				LastUpgradeCheck = 1020;
				ORGANIZATIONNAME = Plexus;
				TargetAttributes = {
					900089B222F99A8500CB914A = {
						CreatedOnToolsVersion = 10.2.1;
					};
				};
			};
			buildConfigurationList = 900089AE22F99A8500CB914A /* Build configuration list for PBXProject "hangman" */;
			compatibilityVersion = "Xcode 9.3";
			developmentRegion = en;
			hasScannedForEncodings = 0;
			knownRegions = (
				en,
				Base,
			);
			mainGroup = 900089AA22F99A8500CB914A;
			productRefGroup = 900089B422F99A8500CB914A /* Products */;
			projectDirPath = "";
			projectRoot = "";
			targets = (
				900089B222F99A8500CB914A /* Hangman */,
			);
		};
/* End PBXProject section */

/* Begin PBXResourcesBuildPhase section */
		900089B122F99A8500CB914A /* Resources */ = {
			isa = PBXResourcesBuildPhase;
			buildActionMask = 2147483647;
			files = (
				9004CA5222FD4B780046DE68 /* 1.png in Resources */,
				284861B4238C320600F256C1 /* sound.png in Resources */,
				9004CA5022FD4B780046DE68 /* 4.png in Resources */,
				900316B523868B8A00A908D2 /* LaunchScreen.storyboard in Resources */,
				9004CA5522FD4B780046DE68 /* 6.png in Resources */,
				90FB5C1722FC15FE007024F5 /* backgroundold.png in Resources */,
				900316AA23855D7600A908D2 /* Assets.xcassets in Resources */,
				900316B823868CCE00A908D2 /* background.jpg in Resources */,
				286AA814238B1F0000C501B2 /* writeEffect.mp3 in Resources */,
				90004B1222FAE71A0049CDDA /* wordList.txt in Resources */,
				900316B323868B4F00A908D2 /* Main.storyboard in Resources */,
				284861B3238C320600F256C1 /* mute.png in Resources */,
				9004CA5422FD4B780046DE68 /* 7.png in Resources */,
				90004B1022FAB3660049CDDA /* lever.png in Resources */,
				9004CA5122FD4B780046DE68 /* 5.png in Resources */,
				286AA80E238B068800C501B2 /* background.mp3 in Resources */,
				286AA810238B06FE00C501B2 /* deadEffect.mp3 in Resources */,
				90FB5C1922FC18A9007024F5 /* refresh.png in Resources */,
				9004CA5322FD4B780046DE68 /* 3.png in Resources */,
				9004CA4F22FD4B780046DE68 /* 2.png in Resources */,
				90ABB732239661C200417909 /* HangmanKeyboard.xib in Resources */,
			);
			runOnlyForDeploymentPostprocessing = 0;
		};
/* End PBXResourcesBuildPhase section */

/* Begin PBXSourcesBuildPhase section */
		900089AF22F99A8500CB914A /* Sources */ = {
			isa = PBXSourcesBuildPhase;
			buildActionMask = 2147483647;
			files = (
				905FA6E8238D7F510071C4E6 /* HangManPresenter.swift in Sources */,
				90ABB73623990CB000417909 /* Utils.swift in Sources */,
				90ABB7302396612C00417909 /* ViewComponent.swift in Sources */,
				90FB5C2922FC457C007024F5 /* ViewController.swift in Sources */,
				90ABB72E239660B600417909 /* HangmanKeyboard.swift in Sources */,
				905FA6E4238D49E00071C4E6 /* DictionaryService.swift in Sources */,
				900089B722F99A8500CB914A /* AppDelegate.swift in Sources */,
				905FA6DF238D30920071C4E6 /* DictionaryModel.swift in Sources */,
				90ABB739239937BB00417909 /* HangmanInteractor.swift in Sources */,
			);
			runOnlyForDeploymentPostprocessing = 0;
		};
/* End PBXSourcesBuildPhase section */

/* Begin XCBuildConfiguration section */
		900089C322F99A8700CB914A /* Debug */ = {
			isa = XCBuildConfiguration;
			buildSettings = {
				ALWAYS_SEARCH_USER_PATHS = NO;
				CLANG_ANALYZER_NONNULL = YES;
				CLANG_ANALYZER_NUMBER_OBJECT_CONVERSION = YES_AGGRESSIVE;
				CLANG_CXX_LANGUAGE_STANDARD = "gnu++14";
				CLANG_CXX_LIBRARY = "libc++";
				CLANG_ENABLE_MODULES = YES;
				CLANG_ENABLE_OBJC_ARC = YES;
				CLANG_ENABLE_OBJC_WEAK = YES;
				CLANG_WARN_BLOCK_CAPTURE_AUTORELEASING = YES;
				CLANG_WARN_BOOL_CONVERSION = YES;
				CLANG_WARN_COMMA = YES;
				CLANG_WARN_CONSTANT_CONVERSION = YES;
				CLANG_WARN_DEPRECATED_OBJC_IMPLEMENTATIONS = YES;
				CLANG_WARN_DIRECT_OBJC_ISA_USAGE = YES_ERROR;
				CLANG_WARN_DOCUMENTATION_COMMENTS = YES;
				CLANG_WARN_EMPTY_BODY = YES;
				CLANG_WARN_ENUM_CONVERSION = YES;
				CLANG_WARN_INFINITE_RECURSION = YES;
				CLANG_WARN_INT_CONVERSION = YES;
				CLANG_WARN_NON_LITERAL_NULL_CONVERSION = YES;
				CLANG_WARN_OBJC_IMPLICIT_RETAIN_SELF = YES;
				CLANG_WARN_OBJC_LITERAL_CONVERSION = YES;
				CLANG_WARN_OBJC_ROOT_CLASS = YES_ERROR;
				CLANG_WARN_RANGE_LOOP_ANALYSIS = YES;
				CLANG_WARN_STRICT_PROTOTYPES = YES;
				CLANG_WARN_SUSPICIOUS_MOVE = YES;
				CLANG_WARN_UNGUARDED_AVAILABILITY = YES_AGGRESSIVE;
				CLANG_WARN_UNREACHABLE_CODE = YES;
				CLANG_WARN__DUPLICATE_METHOD_MATCH = YES;
				CODE_SIGN_IDENTITY = "iPhone Developer";
				COPY_PHASE_STRIP = NO;
				DEBUG_INFORMATION_FORMAT = dwarf;
				ENABLE_STRICT_OBJC_MSGSEND = YES;
				ENABLE_TESTABILITY = YES;
				GCC_C_LANGUAGE_STANDARD = gnu11;
				GCC_DYNAMIC_NO_PIC = NO;
				GCC_NO_COMMON_BLOCKS = YES;
				GCC_OPTIMIZATION_LEVEL = 0;
				GCC_PREPROCESSOR_DEFINITIONS = (
					"DEBUG=1",
					"$(inherited)",
				);
				GCC_WARN_64_TO_32_BIT_CONVERSION = YES;
				GCC_WARN_ABOUT_RETURN_TYPE = YES_ERROR;
				GCC_WARN_UNDECLARED_SELECTOR = YES;
				GCC_WARN_UNINITIALIZED_AUTOS = YES_AGGRESSIVE;
				GCC_WARN_UNUSED_FUNCTION = YES;
				GCC_WARN_UNUSED_VARIABLE = YES;
				IPHONEOS_DEPLOYMENT_TARGET = 12.2;
				MTL_ENABLE_DEBUG_INFO = INCLUDE_SOURCE;
				MTL_FAST_MATH = YES;
				ONLY_ACTIVE_ARCH = YES;
				SDKROOT = iphoneos;
				SWIFT_ACTIVE_COMPILATION_CONDITIONS = DEBUG;
				SWIFT_OPTIMIZATION_LEVEL = "-Onone";
			};
			name = Debug;
		};
		900089C422F99A8700CB914A /* Release */ = {
			isa = XCBuildConfiguration;
			buildSettings = {
				ALWAYS_SEARCH_USER_PATHS = NO;
				CLANG_ANALYZER_NONNULL = YES;
				CLANG_ANALYZER_NUMBER_OBJECT_CONVERSION = YES_AGGRESSIVE;
				CLANG_CXX_LANGUAGE_STANDARD = "gnu++14";
				CLANG_CXX_LIBRARY = "libc++";
				CLANG_ENABLE_MODULES = YES;
				CLANG_ENABLE_OBJC_ARC = YES;
				CLANG_ENABLE_OBJC_WEAK = YES;
				CLANG_WARN_BLOCK_CAPTURE_AUTORELEASING = YES;
				CLANG_WARN_BOOL_CONVERSION = YES;
				CLANG_WARN_COMMA = YES;
				CLANG_WARN_CONSTANT_CONVERSION = YES;
				CLANG_WARN_DEPRECATED_OBJC_IMPLEMENTATIONS = YES;
				CLANG_WARN_DIRECT_OBJC_ISA_USAGE = YES_ERROR;
				CLANG_WARN_DOCUMENTATION_COMMENTS = YES;
				CLANG_WARN_EMPTY_BODY = YES;
				CLANG_WARN_ENUM_CONVERSION = YES;
				CLANG_WARN_INFINITE_RECURSION = YES;
				CLANG_WARN_INT_CONVERSION = YES;
				CLANG_WARN_NON_LITERAL_NULL_CONVERSION = YES;
				CLANG_WARN_OBJC_IMPLICIT_RETAIN_SELF = YES;
				CLANG_WARN_OBJC_LITERAL_CONVERSION = YES;
				CLANG_WARN_OBJC_ROOT_CLASS = YES_ERROR;
				CLANG_WARN_RANGE_LOOP_ANALYSIS = YES;
				CLANG_WARN_STRICT_PROTOTYPES = YES;
				CLANG_WARN_SUSPICIOUS_MOVE = YES;
				CLANG_WARN_UNGUARDED_AVAILABILITY = YES_AGGRESSIVE;
				CLANG_WARN_UNREACHABLE_CODE = YES;
				CLANG_WARN__DUPLICATE_METHOD_MATCH = YES;
				CODE_SIGN_IDENTITY = "iPhone Developer";
				COPY_PHASE_STRIP = NO;
				DEBUG_INFORMATION_FORMAT = "dwarf-with-dsym";
				ENABLE_NS_ASSERTIONS = NO;
				ENABLE_STRICT_OBJC_MSGSEND = YES;
				GCC_C_LANGUAGE_STANDARD = gnu11;
				GCC_NO_COMMON_BLOCKS = YES;
				GCC_WARN_64_TO_32_BIT_CONVERSION = YES;
				GCC_WARN_ABOUT_RETURN_TYPE = YES_ERROR;
				GCC_WARN_UNDECLARED_SELECTOR = YES;
				GCC_WARN_UNINITIALIZED_AUTOS = YES_AGGRESSIVE;
				GCC_WARN_UNUSED_FUNCTION = YES;
				GCC_WARN_UNUSED_VARIABLE = YES;
				IPHONEOS_DEPLOYMENT_TARGET = 12.2;
				MTL_ENABLE_DEBUG_INFO = NO;
				MTL_FAST_MATH = YES;
				SDKROOT = iphoneos;
				SWIFT_COMPILATION_MODE = wholemodule;
				SWIFT_OPTIMIZATION_LEVEL = "-O";
				VALIDATE_PRODUCT = YES;
			};
			name = Release;
		};
		900089C622F99A8700CB914A /* Debug */ = {
			isa = XCBuildConfiguration;
			buildSettings = {
				ASSETCATALOG_COMPILER_APPICON_NAME = AppIcon;
				CODE_SIGN_STYLE = Automatic;
				DEVELOPMENT_TEAM = L9C6WQAVVK;
				INFOPLIST_FILE = hangman/Info.plist;
				LD_RUNPATH_SEARCH_PATHS = (
					"$(inherited)",
					"@executable_path/Frameworks",
				);
				PRODUCT_BUNDLE_IDENTIFIER = com.plexus.hangman;
				PRODUCT_NAME = "$(TARGET_NAME)";
				SWIFT_VERSION = 5.0;
				TARGETED_DEVICE_FAMILY = "1,2";
			};
			name = Debug;
		};
		900089C722F99A8700CB914A /* Release */ = {
			isa = XCBuildConfiguration;
			buildSettings = {
				ASSETCATALOG_COMPILER_APPICON_NAME = AppIcon;
				CODE_SIGN_STYLE = Automatic;
				DEVELOPMENT_TEAM = L9C6WQAVVK;
				INFOPLIST_FILE = hangman/Info.plist;
				LD_RUNPATH_SEARCH_PATHS = (
					"$(inherited)",
					"@executable_path/Frameworks",
				);
				PRODUCT_BUNDLE_IDENTIFIER = com.plexus.hangman;
				PRODUCT_NAME = "$(TARGET_NAME)";
				SWIFT_VERSION = 5.0;
				TARGETED_DEVICE_FAMILY = "1,2";
			};
			name = Release;
		};
/* End XCBuildConfiguration section */

/* Begin XCConfigurationList section */
		900089AE22F99A8500CB914A /* Build configuration list for PBXProject "hangman" */ = {
			isa = XCConfigurationList;
			buildConfigurations = (
				900089C322F99A8700CB914A /* Debug */,
				900089C422F99A8700CB914A /* Release */,
			);
			defaultConfigurationIsVisible = 0;
			defaultConfigurationName = Release;
		};
		900089C522F99A8700CB914A /* Build configuration list for PBXNativeTarget "Hangman" */ = {
			isa = XCConfigurationList;
			buildConfigurations = (
				900089C622F99A8700CB914A /* Debug */,
				900089C722F99A8700CB914A /* Release */,
			);
			defaultConfigurationIsVisible = 0;
			defaultConfigurationName = Release;
		};
/* End XCConfigurationList section */
	};
	rootObject = 900089AB22F99A8500CB914A /* Project object */;
}
